
Microsoft Visual Studio Solution File, Format Version 12.00
# Visual Studio Version 17
VisualStudioVersion = 17.7.34221.43
MinimumVisualStudioVersion = 10.0.40219.1
Project("{8BC9CEB8-8B4A-11D0-8D11-00A0C91BC942}") = "chap09_exer_03", "chap09_exer_03.vcxproj", "{C5B48747-3398-43D7-B793-4CD68B927264}"
EndProject
Global
	GlobalSection(SolutionConfigurationPlatforms) = preSolution
		Debug|x64 = Debug|x64
		Debug|x86 = Debug|x86
		Release|x64 = Release|x64
		Release|x86 = Release|x86
	EndGlobalSection
	GlobalSection(ProjectConfigurationPlatforms) = postSolution
		{C5B48747-3398-43D7-B793-4CD68B927264}.Debug|x64.ActiveCfg = Debug|x64
		{C5B48747-3398-43D7-B793-4CD68B927264}.Debug|x64.Build.0 = Debug|x64
		{C5B48747-3398-43D7-B793-4CD68B927264}.Debug|x86.ActiveCfg = Debug|Win32
		{C5B48747-3398-43D7-B793-4CD68B927264}.Debug|x86.Build.0 = Debug|Win32
		{C5B48747-3398-43D7-B793-4CD68B927264}.Release|x64.ActiveCfg = Release|x64
		{C5B48747-3398-43D7-B793-4CD68B927264}.Release|x64.Build.0 = Release|x64
		{C5B48747-3398-43D7-B793-4CD68B927264}.Release|x86.ActiveCfg = Release|Win32
		{C5B48747-3398-43D7-B793-4CD68B927264}.Release|x86.Build.0 = Release|Win32
	EndGlobalSection
	GlobalSection(SolutionProperties) = preSolution
		HideSolutionNode = FALSE
	EndGlobalSection
	GlobalSection(ExtensibilityGlobals) = postSolution
		SolutionGuid = {4DD00A48-6C30-4B41-9C06-4AAD23EBC2A2}
	EndGlobalSection
EndGlobal
