
Microsoft Visual Studio Solution File, Format Version 12.00
# Visual Studio Version 17
VisualStudioVersion = 17.7.34031.279
MinimumVisualStudioVersion = 10.0.40219.1
Project("{8BC9CEB8-8B4A-11D0-8D11-00A0C91BC942}") = "chap02_exer_13", "chap02_exer_13.vcxproj", "{78218F03-547A-4865-8EF8-AE15E796FBA5}"
EndProject
Global
	GlobalSection(SolutionConfigurationPlatforms) = preSolution
		Debug|x64 = Debug|x64
		Debug|x86 = Debug|x86
		Release|x64 = Release|x64
		Release|x86 = Release|x86
	EndGlobalSection
	GlobalSection(ProjectConfigurationPlatforms) = postSolution
		{78218F03-547A-4865-8EF8-AE15E796FBA5}.Debug|x64.ActiveCfg = Debug|x64
		{78218F03-547A-4865-8EF8-AE15E796FBA5}.Debug|x64.Build.0 = Debug|x64
		{78218F03-547A-4865-8EF8-AE15E796FBA5}.Debug|x86.ActiveCfg = Debug|Win32
		{78218F03-547A-4865-8EF8-AE15E796FBA5}.Debug|x86.Build.0 = Debug|Win32
		{78218F03-547A-4865-8EF8-AE15E796FBA5}.Release|x64.ActiveCfg = Release|x64
		{78218F03-547A-4865-8EF8-AE15E796FBA5}.Release|x64.Build.0 = Release|x64
		{78218F03-547A-4865-8EF8-AE15E796FBA5}.Release|x86.ActiveCfg = Release|Win32
		{78218F03-547A-4865-8EF8-AE15E796FBA5}.Release|x86.Build.0 = Release|Win32
	EndGlobalSection
	GlobalSection(SolutionProperties) = preSolution
		HideSolutionNode = FALSE
	EndGlobalSection
	GlobalSection(ExtensibilityGlobals) = postSolution
		SolutionGuid = {460AD059-5BA5-4CEC-9A39-C17260999357}
	EndGlobalSection
EndGlobal
